// !$*UTF8*$!
{
	archiveVersion = 1;
	classes = {
	};
	objectVersion = 46;
	objects = {

/* Begin PBXBuildFile section */
		15B114EA1F361431005BBAD0 /* AAFingerprint.h in Headers */ = {isa = PBXBuildFile; fileRef = 15B114E81F361431005BBAD0 /* AAFingerprint.h */; settings = {ATTRIBUTES = (Public, ); }; };
		15B114F21F361499005BBAD0 /* AAFDevice.h in Headers */ = {isa = PBXBuildFile; fileRef = 15B114F01F361499005BBAD0 /* AAFDevice.h */; settings = {ATTRIBUTES = (Public, ); }; };
		15B114F31F361499005BBAD0 /* AAFDevice.m in Sources */ = {isa = PBXBuildFile; fileRef = 15B114F11F361499005BBAD0 /* AAFDevice.m */; };
		15B114FC1F3616CA005BBAD0 /* main.m in Sources */ = {isa = PBXBuildFile; fileRef = 15B114FB1F3616CA005BBAD0 /* main.m */; };
		15B114FF1F3616CA005BBAD0 /* AppDelegate.m in Sources */ = {isa = PBXBuildFile; fileRef = 15B114FE1F3616CA005BBAD0 /* AppDelegate.m */; };
		15B115021F3616CA005BBAD0 /* ViewController.m in Sources */ = {isa = PBXBuildFile; fileRef = 15B115011F3616CA005BBAD0 /* ViewController.m */; };
		15B115051F3616CA005BBAD0 /* Main.storyboard in Resources */ = {isa = PBXBuildFile; fileRef = 15B115031F3616CA005BBAD0 /* Main.storyboard */; };
		15B115071F3616CA005BBAD0 /* Assets.xcassets in Resources */ = {isa = PBXBuildFile; fileRef = 15B115061F3616CA005BBAD0 /* Assets.xcassets */; };
		15B1150A1F3616CA005BBAD0 /* LaunchScreen.storyboard in Resources */ = {isa = PBXBuildFile; fileRef = 15B115081F3616CA005BBAD0 /* LaunchScreen.storyboard */; };
		15B1150F1F361735005BBAD0 /* AAFingerprint.framework in Frameworks */ = {isa = PBXBuildFile; fileRef = 15B114E51F361431005BBAD0 /* AAFingerprint.framework */; };
		2346FF0AB3B2B1F0A7EBFB1F /* libPods-AAFingerprint.a in Frameworks */ = {isa = PBXBuildFile; fileRef = 34FC9C2DF8C78AC42B193807 /* libPods-AAFingerprint.a */; };
		3B647959A0DA350973C08B5E /* libPods-AAFingerprintDemo.a in Frameworks */ = {isa = PBXBuildFile; fileRef = 5467020DDD97F87D7FB9F754 /* libPods-AAFingerprintDemo.a */; };
/* End PBXBuildFile section */

/* Begin PBXFileReference section */
		15B114E51F361431005BBAD0 /* AAFingerprint.framework */ = {isa = PBXFileReference; explicitFileType = wrapper.framework; includeInIndex = 0; path = AAFingerprint.framework; sourceTree = BUILT_PRODUCTS_DIR; };
		15B114E81F361431005BBAD0 /* AAFingerprint.h */ = {isa = PBXFileReference; lastKnownFileType = sourcecode.c.h; path = AAFingerprint.h; sourceTree = "<group>"; };
		15B114E91F361431005BBAD0 /* Info.plist */ = {isa = PBXFileReference; lastKnownFileType = text.plist.xml; path = Info.plist; sourceTree = "<group>"; };
		15B114F01F361499005BBAD0 /* AAFDevice.h */ = {isa = PBXFileReference; fileEncoding = 4; lastKnownFileType = sourcecode.c.h; path = AAFDevice.h; sourceTree = "<group>"; };
		15B114F11F361499005BBAD0 /* AAFDevice.m */ = {isa = PBXFileReference; explicitFileType = sourcecode.c.objc; fileEncoding = 4; path = AAFDevice.m; sourceTree = "<group>"; };
		15B114F81F3616CA005BBAD0 /* AAFingerprintDemo.app */ = {isa = PBXFileReference; explicitFileType = wrapper.application; includeInIndex = 0; path = AAFingerprintDemo.app; sourceTree = BUILT_PRODUCTS_DIR; };
		15B114FB1F3616CA005BBAD0 /* main.m */ = {isa = PBXFileReference; lastKnownFileType = sourcecode.c.objc; path = main.m; sourceTree = "<group>"; };
		15B114FD1F3616CA005BBAD0 /* AppDelegate.h */ = {isa = PBXFileReference; lastKnownFileType = sourcecode.c.h; path = AppDelegate.h; sourceTree = "<group>"; };
		15B114FE1F3616CA005BBAD0 /* AppDelegate.m */ = {isa = PBXFileReference; lastKnownFileType = sourcecode.c.objc; path = AppDelegate.m; sourceTree = "<group>"; };
		15B115001F3616CA005BBAD0 /* ViewController.h */ = {isa = PBXFileReference; lastKnownFileType = sourcecode.c.h; path = ViewController.h; sourceTree = "<group>"; };
		15B115011F3616CA005BBAD0 /* ViewController.m */ = {isa = PBXFileReference; lastKnownFileType = sourcecode.c.objc; path = ViewController.m; sourceTree = "<group>"; };
		15B115041F3616CA005BBAD0 /* Base */ = {isa = PBXFileReference; lastKnownFileType = file.storyboard; name = Base; path = Base.lproj/Main.storyboard; sourceTree = "<group>"; };
		15B115061F3616CA005BBAD0 /* Assets.xcassets */ = {isa = PBXFileReference; lastKnownFileType = folder.assetcatalog; path = Assets.xcassets; sourceTree = "<group>"; };
		15B115091F3616CA005BBAD0 /* Base */ = {isa = PBXFileReference; lastKnownFileType = file.storyboard; name = Base; path = Base.lproj/LaunchScreen.storyboard; sourceTree = "<group>"; };
		15B1150B1F3616CA005BBAD0 /* Info.plist */ = {isa = PBXFileReference; lastKnownFileType = text.plist.xml; path = Info.plist; sourceTree = "<group>"; };
		34FC9C2DF8C78AC42B193807 /* libPods-AAFingerprint.a */ = {isa = PBXFileReference; explicitFileType = archive.ar; includeInIndex = 0; path = "libPods-AAFingerprint.a"; sourceTree = BUILT_PRODUCTS_DIR; };
		3D5AC0D284588119329BCBF0 /* Pods-AAFingerprintDemo.release.xcconfig */ = {isa = PBXFileReference; includeInIndex = 1; lastKnownFileType = text.xcconfig; name = "Pods-AAFingerprintDemo.release.xcconfig"; path = "Pods/Target Support Files/Pods-AAFingerprintDemo/Pods-AAFingerprintDemo.release.xcconfig"; sourceTree = "<group>"; };
		457C36FD251689BF5A01D73D /* Pods-AAFingerprint.release.xcconfig */ = {isa = PBXFileReference; includeInIndex = 1; lastKnownFileType = text.xcconfig; name = "Pods-AAFingerprint.release.xcconfig"; path = "Pods/Target Support Files/Pods-AAFingerprint/Pods-AAFingerprint.release.xcconfig"; sourceTree = "<group>"; };
		5467020DDD97F87D7FB9F754 /* libPods-AAFingerprintDemo.a */ = {isa = PBXFileReference; explicitFileType = archive.ar; includeInIndex = 0; path = "libPods-AAFingerprintDemo.a"; sourceTree = BUILT_PRODUCTS_DIR; };
		B4005BEF2DD65309BB5032EC /* Pods-AAFingerprint.debug.xcconfig */ = {isa = PBXFileReference; includeInIndex = 1; lastKnownFileType = text.xcconfig; name = "Pods-AAFingerprint.debug.xcconfig"; path = "Pods/Target Support Files/Pods-AAFingerprint/Pods-AAFingerprint.debug.xcconfig"; sourceTree = "<group>"; };
		B99D355C2F6B147AED083332 /* Pods-AAFingerprintDemo.debug.xcconfig */ = {isa = PBXFileReference; includeInIndex = 1; lastKnownFileType = text.xcconfig; name = "Pods-AAFingerprintDemo.debug.xcconfig"; path = "Pods/Target Support Files/Pods-AAFingerprintDemo/Pods-AAFingerprintDemo.debug.xcconfig"; sourceTree = "<group>"; };
/* End PBXFileReference section */

/* Begin PBXFrameworksBuildPhase section */
		15B114E11F361431005BBAD0 /* Frameworks */ = {
			isa = PBXFrameworksBuildPhase;
			buildActionMask = 2147483647;
			files = (
				2346FF0AB3B2B1F0A7EBFB1F /* libPods-AAFingerprint.a in Frameworks */,
			);
			runOnlyForDeploymentPostprocessing = 0;
		};
		15B114F51F3616CA005BBAD0 /* Frameworks */ = {
			isa = PBXFrameworksBuildPhase;
			buildActionMask = 2147483647;
			files = (
				15B1150F1F361735005BBAD0 /* AAFingerprint.framework in Frameworks */,
				3B647959A0DA350973C08B5E /* libPods-AAFingerprintDemo.a in Frameworks */,
			);
			runOnlyForDeploymentPostprocessing = 0;
		};
/* End PBXFrameworksBuildPhase section */

/* Begin PBXGroup section */
		15B114DB1F361431005BBAD0 = {
			isa = PBXGroup;
			children = (
				15B114E71F361431005BBAD0 /* AAFingerprint */,
				15B114F91F3616CA005BBAD0 /* AAFingerprintDemo */,
				15B114E61F361431005BBAD0 /* Products */,
				DDA1E340E7EEEC37A0B68C4D /* Pods */,
				68052E3CEE928C06211A285A /* Frameworks */,
			);
			sourceTree = "<group>";
		};
		15B114E61F361431005BBAD0 /* Products */ = {
			isa = PBXGroup;
			children = (
				15B114E51F361431005BBAD0 /* AAFingerprint.framework */,
				15B114F81F3616CA005BBAD0 /* AAFingerprintDemo.app */,
			);
			name = Products;
			sourceTree = "<group>";
		};
		15B114E71F361431005BBAD0 /* AAFingerprint */ = {
			isa = PBXGroup;
			children = (
				15B114F01F361499005BBAD0 /* AAFDevice.h */,
				15B114F11F361499005BBAD0 /* AAFDevice.m */,
				15B114E81F361431005BBAD0 /* AAFingerprint.h */,
				15B114E91F361431005BBAD0 /* Info.plist */,
			);
			path = AAFingerprint;
			sourceTree = "<group>";
		};
		15B114F91F3616CA005BBAD0 /* AAFingerprintDemo */ = {
			isa = PBXGroup;
			children = (
				15B114FD1F3616CA005BBAD0 /* AppDelegate.h */,
				15B114FE1F3616CA005BBAD0 /* AppDelegate.m */,
				15B115001F3616CA005BBAD0 /* ViewController.h */,
				15B115011F3616CA005BBAD0 /* ViewController.m */,
				15B115031F3616CA005BBAD0 /* Main.storyboard */,
				15B115061F3616CA005BBAD0 /* Assets.xcassets */,
				15B115081F3616CA005BBAD0 /* LaunchScreen.storyboard */,
				15B1150B1F3616CA005BBAD0 /* Info.plist */,
				15B114FA1F3616CA005BBAD0 /* Supporting Files */,
			);
			path = AAFingerprintDemo;
			sourceTree = "<group>";
		};
		15B114FA1F3616CA005BBAD0 /* Supporting Files */ = {
			isa = PBXGroup;
			children = (
				15B114FB1F3616CA005BBAD0 /* main.m */,
			);
			name = "Supporting Files";
			sourceTree = "<group>";
		};
		68052E3CEE928C06211A285A /* Frameworks */ = {
			isa = PBXGroup;
			children = (
				34FC9C2DF8C78AC42B193807 /* libPods-AAFingerprint.a */,
				5467020DDD97F87D7FB9F754 /* libPods-AAFingerprintDemo.a */,
			);
			name = Frameworks;
			sourceTree = "<group>";
		};
		DDA1E340E7EEEC37A0B68C4D /* Pods */ = {
			isa = PBXGroup;
			children = (
				B4005BEF2DD65309BB5032EC /* Pods-AAFingerprint.debug.xcconfig */,
				457C36FD251689BF5A01D73D /* Pods-AAFingerprint.release.xcconfig */,
				B99D355C2F6B147AED083332 /* Pods-AAFingerprintDemo.debug.xcconfig */,
				3D5AC0D284588119329BCBF0 /* Pods-AAFingerprintDemo.release.xcconfig */,
			);
			name = Pods;
			sourceTree = "<group>";
		};
/* End PBXGroup section */

/* Begin PBXHeadersBuildPhase section */
		15B114E21F361431005BBAD0 /* Headers */ = {
			isa = PBXHeadersBuildPhase;
			buildActionMask = 2147483647;
			files = (
				15B114EA1F361431005BBAD0 /* AAFingerprint.h in Headers */,
				15B114F21F361499005BBAD0 /* AAFDevice.h in Headers */,
			);
			runOnlyForDeploymentPostprocessing = 0;
		};
/* End PBXHeadersBuildPhase section */

/* Begin PBXNativeTarget section */
		15B114E41F361431005BBAD0 /* AAFingerprint */ = {
			isa = PBXNativeTarget;
			buildConfigurationList = 15B114ED1F361431005BBAD0 /* Build configuration list for PBXNativeTarget "AAFingerprint" */;
			buildPhases = (
				24136F49DE342B13A65850EE /* [CP] Check Pods Manifest.lock */,
				15B114E01F361431005BBAD0 /* Sources */,
				15B114E11F361431005BBAD0 /* Frameworks */,
				15B114E21F361431005BBAD0 /* Headers */,
				15B114E31F361431005BBAD0 /* Resources */,
				A76D3782958139B9E0F7245C /* [CP] Copy Pods Resources */,
			);
			buildRules = (
			);
			dependencies = (
			);
			name = AAFingerprint;
			productName = AAFingerprint;
			productReference = 15B114E51F361431005BBAD0 /* AAFingerprint.framework */;
			productType = "com.apple.product-type.framework";
		};
		15B114F71F3616CA005BBAD0 /* AAFingerprintDemo */ = {
			isa = PBXNativeTarget;
			buildConfigurationList = 15B1150C1F3616CA005BBAD0 /* Build configuration list for PBXNativeTarget "AAFingerprintDemo" */;
			buildPhases = (
				5AC42F97FE940A488A857DB4 /* [CP] Check Pods Manifest.lock */,
				15B114F41F3616CA005BBAD0 /* Sources */,
				15B114F51F3616CA005BBAD0 /* Frameworks */,
				15B114F61F3616CA005BBAD0 /* Resources */,
				88D471B44BAF4496AF271C44 /* [CP] Embed Pods Frameworks */,
				9DB375E11367E425D6CB4BDB /* [CP] Copy Pods Resources */,
			);
			buildRules = (
			);
			dependencies = (
			);
			name = AAFingerprintDemo;
			productName = AAFingerprintDemo;
			productReference = 15B114F81F3616CA005BBAD0 /* AAFingerprintDemo.app */;
			productType = "com.apple.product-type.application";
		};
/* End PBXNativeTarget section */

/* Begin PBXProject section */
		15B114DC1F361431005BBAD0 /* Project object */ = {
			isa = PBXProject;
			attributes = {
				LastUpgradeCheck = 0830;
				ORGANIZATIONNAME = aozhimin;
				TargetAttributes = {
					15B114E41F361431005BBAD0 = {
						CreatedOnToolsVersion = 8.3.3;
						DevelopmentTeam = ESQPZLU835;
						ProvisioningStyle = Automatic;
					};
					15B114F71F3616CA005BBAD0 = {
						CreatedOnToolsVersion = 8.3.3;
						DevelopmentTeam = ESQPZLU835;
						ProvisioningStyle = Automatic;
					};
				};
			};
			buildConfigurationList = 15B114DF1F361431005BBAD0 /* Build configuration list for PBXProject "AAFingerprint" */;
			compatibilityVersion = "Xcode 3.2";
			developmentRegion = English;
			hasScannedForEncodings = 0;
			knownRegions = (
				en,
				Base,
			);
			mainGroup = 15B114DB1F361431005BBAD0;
			productRefGroup = 15B114E61F361431005BBAD0 /* Products */;
			projectDirPath = "";
			projectRoot = "";
			targets = (
				15B114E41F361431005BBAD0 /* AAFingerprint */,
				15B114F71F3616CA005BBAD0 /* AAFingerprintDemo */,
			);
		};
/* End PBXProject section */

/* Begin PBXResourcesBuildPhase section */
		15B114E31F361431005BBAD0 /* Resources */ = {
			isa = PBXResourcesBuildPhase;
			buildActionMask = 2147483647;
			files = (
			);
			runOnlyForDeploymentPostprocessing = 0;
		};
		15B114F61F3616CA005BBAD0 /* Resources */ = {
			isa = PBXResourcesBuildPhase;
			buildActionMask = 2147483647;
			files = (
				15B1150A1F3616CA005BBAD0 /* LaunchScreen.storyboard in Resources */,
				15B115071F3616CA005BBAD0 /* Assets.xcassets in Resources */,
				15B115051F3616CA005BBAD0 /* Main.storyboard in Resources */,
			);
			runOnlyForDeploymentPostprocessing = 0;
		};
/* End PBXResourcesBuildPhase section */

/* Begin PBXShellScriptBuildPhase section */
		24136F49DE342B13A65850EE /* [CP] Check Pods Manifest.lock */ = {
			isa = PBXShellScriptBuildPhase;
			buildActionMask = 2147483647;
			files = (
			);
			inputPaths = (
			);
			name = "[CP] Check Pods Manifest.lock";
			outputPaths = (
			);
			runOnlyForDeploymentPostprocessing = 0;
			shellPath = /bin/sh;
			shellScript = "diff \"${PODS_PODFILE_DIR_PATH}/Podfile.lock\" \"${PODS_ROOT}/Manifest.lock\" > /dev/null\nif [ $? != 0 ] ; then\n    # print error to STDERR\n    echo \"error: The sandbox is not in sync with the Podfile.lock. Run 'pod install' or update your CocoaPods installation.\" >&2\n    exit 1\nfi\n";
			showEnvVarsInLog = 0;
		};
		5AC42F97FE940A488A857DB4 /* [CP] Check Pods Manifest.lock */ = {
			isa = PBXShellScriptBuildPhase;
			buildActionMask = 2147483647;
			files = (
			);
			inputPaths = (
			);
			name = "[CP] Check Pods Manifest.lock";
			outputPaths = (
			);
			runOnlyForDeploymentPostprocessing = 0;
			shellPath = /bin/sh;
			shellScript = "diff \"${PODS_PODFILE_DIR_PATH}/Podfile.lock\" \"${PODS_ROOT}/Manifest.lock\" > /dev/null\nif [ $? != 0 ] ; then\n    # print error to STDERR\n    echo \"error: The sandbox is not in sync with the Podfile.lock. Run 'pod install' or update your CocoaPods installation.\" >&2\n    exit 1\nfi\n";
			showEnvVarsInLog = 0;
		};
		88D471B44BAF4496AF271C44 /* [CP] Embed Pods Frameworks */ = {
			isa = PBXShellScriptBuildPhase;
			buildActionMask = 2147483647;
			files = (
			);
			inputPaths = (
			);
			name = "[CP] Embed Pods Frameworks";
			outputPaths = (
			);
			runOnlyForDeploymentPostprocessing = 0;
			shellPath = /bin/sh;
			shellScript = "\"${SRCROOT}/Pods/Target Support Files/Pods-AAFingerprintDemo/Pods-AAFingerprintDemo-frameworks.sh\"\n";
			showEnvVarsInLog = 0;
		};
		9DB375E11367E425D6CB4BDB /* [CP] Copy Pods Resources */ = {
			isa = PBXShellScriptBuildPhase;
			buildActionMask = 2147483647;
			files = (
			);
			inputPaths = (
			);
			name = "[CP] Copy Pods Resources";
			outputPaths = (
			);
			runOnlyForDeploymentPostprocessing = 0;
			shellPath = /bin/sh;
			shellScript = "\"${SRCROOT}/Pods/Target Support Files/Pods-AAFingerprintDemo/Pods-AAFingerprintDemo-resources.sh\"\n";
			showEnvVarsInLog = 0;
		};
		A76D3782958139B9E0F7245C /* [CP] Copy Pods Resources */ = {
			isa = PBXShellScriptBuildPhase;
			buildActionMask = 2147483647;
			files = (
			);
			inputPaths = (
			);
			name = "[CP] Copy Pods Resources";
			outputPaths = (
			);
			runOnlyForDeploymentPostprocessing = 0;
			shellPath = /bin/sh;
			shellScript = "\"${SRCROOT}/Pods/Target Support Files/Pods-AAFingerprint/Pods-AAFingerprint-resources.sh\"\n";
			showEnvVarsInLog = 0;
		};
/* End PBXShellScriptBuildPhase section */

/* Begin PBXSourcesBuildPhase section */
		15B114E01F361431005BBAD0 /* Sources */ = {
			isa = PBXSourcesBuildPhase;
			buildActionMask = 2147483647;
			files = (
				15B114F31F361499005BBAD0 /* AAFDevice.m in Sources */,
			);
			runOnlyForDeploymentPostprocessing = 0;
		};
		15B114F41F3616CA005BBAD0 /* Sources */ = {
			isa = PBXSourcesBuildPhase;
			buildActionMask = 2147483647;
			files = (
				15B115021F3616CA005BBAD0 /* ViewController.m in Sources */,
				15B114FF1F3616CA005BBAD0 /* AppDelegate.m in Sources */,
				15B114FC1F3616CA005BBAD0 /* main.m in Sources */,
			);
			runOnlyForDeploymentPostprocessing = 0;
		};
/* End PBXSourcesBuildPhase section */

/* Begin PBXVariantGroup section */
		15B115031F3616CA005BBAD0 /* Main.storyboard */ = {
			isa = PBXVariantGroup;
			children = (
				15B115041F3616CA005BBAD0 /* Base */,
			);
			name = Main.storyboard;
			sourceTree = "<group>";
		};
		15B115081F3616CA005BBAD0 /* LaunchScreen.storyboard */ = {
			isa = PBXVariantGroup;
			children = (
				15B115091F3616CA005BBAD0 /* Base */,
			);
			name = LaunchScreen.storyboard;
			sourceTree = "<group>";
		};
/* End PBXVariantGroup section */

/* Begin XCBuildConfiguration section */
		15B114EB1F361431005BBAD0 /* Debug */ = {
			isa = XCBuildConfiguration;
			buildSettings = {
				ALWAYS_SEARCH_USER_PATHS = NO;
				CLANG_ANALYZER_NONNULL = YES;
				CLANG_ANALYZER_NUMBER_OBJECT_CONVERSION = YES_AGGRESSIVE;
				CLANG_CXX_LANGUAGE_STANDARD = "gnu++0x";
				CLANG_CXX_LIBRARY = "libc++";
				CLANG_ENABLE_MODULES = YES;
				CLANG_ENABLE_OBJC_ARC = YES;
				CLANG_WARN_BOOL_CONVERSION = YES;
				CLANG_WARN_CONSTANT_CONVERSION = YES;
				CLANG_WARN_DIRECT_OBJC_ISA_USAGE = YES_ERROR;
				CLANG_WARN_DOCUMENTATION_COMMENTS = YES;
				CLANG_WARN_EMPTY_BODY = YES;
				CLANG_WARN_ENUM_CONVERSION = YES;
				CLANG_WARN_INFINITE_RECURSION = YES;
				CLANG_WARN_INT_CONVERSION = YES;
				CLANG_WARN_OBJC_ROOT_CLASS = YES_ERROR;
				CLANG_WARN_SUSPICIOUS_MOVE = YES;
				CLANG_WARN_UNREACHABLE_CODE = YES;
				CLANG_WARN__DUPLICATE_METHOD_MATCH = YES;
				"CODE_SIGN_IDENTITY[sdk=iphoneos*]" = "iPhone Developer";
				COPY_PHASE_STRIP = NO;
				CURRENT_PROJECT_VERSION = 1;
				DEBUG_INFORMATION_FORMAT = dwarf;
				ENABLE_STRICT_OBJC_MSGSEND = YES;
				ENABLE_TESTABILITY = YES;
				GCC_C_LANGUAGE_STANDARD = gnu99;
				GCC_DYNAMIC_NO_PIC = NO;
				GCC_NO_COMMON_BLOCKS = YES;
				GCC_OPTIMIZATION_LEVEL = 0;
				GCC_PREPROCESSOR_DEFINITIONS = (
					"DEBUG=1",
					"$(inherited)",
				);
				GCC_WARN_64_TO_32_BIT_CONVERSION = YES;
				GCC_WARN_ABOUT_RETURN_TYPE = YES_ERROR;
				GCC_WARN_UNDECLARED_SELECTOR = YES;
				GCC_WARN_UNINITIALIZED_AUTOS = YES_AGGRESSIVE;
				GCC_WARN_UNUSED_FUNCTION = YES;
				GCC_WARN_UNUSED_VARIABLE = YES;
				IPHONEOS_DEPLOYMENT_TARGET = 10.3;
				MTL_ENABLE_DEBUG_INFO = YES;
				ONLY_ACTIVE_ARCH = YES;
				SDKROOT = iphoneos;
				TARGETED_DEVICE_FAMILY = "1,2";
				VERSIONING_SYSTEM = "apple-generic";
				VERSION_INFO_PREFIX = "";
			};
			name = Debug;
		};
		15B114EC1F361431005BBAD0 /* Release */ = {
			isa = XCBuildConfiguration;
			buildSettings = {
				ALWAYS_SEARCH_USER_PATHS = NO;
				CLANG_ANALYZER_NONNULL = YES;
				CLANG_ANALYZER_NUMBER_OBJECT_CONVERSION = YES_AGGRESSIVE;
				CLANG_CXX_LANGUAGE_STANDARD = "gnu++0x";
				CLANG_CXX_LIBRARY = "libc++";
				CLANG_ENABLE_MODULES = YES;
				CLANG_ENABLE_OBJC_ARC = YES;
				CLANG_WARN_BOOL_CONVERSION = YES;
				CLANG_WARN_CONSTANT_CONVERSION = YES;
				CLANG_WARN_DIRECT_OBJC_ISA_USAGE = YES_ERROR;
				CLANG_WARN_DOCUMENTATION_COMMENTS = YES;
				CLANG_WARN_EMPTY_BODY = YES;
				CLANG_WARN_ENUM_CONVERSION = YES;
				CLANG_WARN_INFINITE_RECURSION = YES;
				CLANG_WARN_INT_CONVERSION = YES;
				CLANG_WARN_OBJC_ROOT_CLASS = YES_ERROR;
				CLANG_WARN_SUSPICIOUS_MOVE = YES;
				CLANG_WARN_UNREACHABLE_CODE = YES;
				CLANG_WARN__DUPLICATE_METHOD_MATCH = YES;
				"CODE_SIGN_IDENTITY[sdk=iphoneos*]" = "iPhone Developer";
				COPY_PHASE_STRIP = NO;
				CURRENT_PROJECT_VERSION = 1;
				DEBUG_INFORMATION_FORMAT = "dwarf-with-dsym";
				ENABLE_NS_ASSERTIONS = NO;
				ENABLE_STRICT_OBJC_MSGSEND = YES;
				GCC_C_LANGUAGE_STANDARD = gnu99;
				GCC_NO_COMMON_BLOCKS = YES;
				GCC_WARN_64_TO_32_BIT_CONVERSION = YES;
				GCC_WARN_ABOUT_RETURN_TYPE = YES_ERROR;
				GCC_WARN_UNDECLARED_SELECTOR = YES;
				GCC_WARN_UNINITIALIZED_AUTOS = YES_AGGRESSIVE;
				GCC_WARN_UNUSED_FUNCTION = YES;
				GCC_WARN_UNUSED_VARIABLE = YES;
				IPHONEOS_DEPLOYMENT_TARGET = 10.3;
				MTL_ENABLE_DEBUG_INFO = NO;
				SDKROOT = iphoneos;
				TARGETED_DEVICE_FAMILY = "1,2";
				VALIDATE_PRODUCT = YES;
				VERSIONING_SYSTEM = "apple-generic";
				VERSION_INFO_PREFIX = "";
			};
			name = Release;
		};
		15B114EE1F361431005BBAD0 /* Debug */ = {
			isa = XCBuildConfiguration;
			baseConfigurationReference = B4005BEF2DD65309BB5032EC /* Pods-AAFingerprint.debug.xcconfig */;
			buildSettings = {
				CODE_SIGN_IDENTITY = "";
				DEFINES_MODULE = YES;
				DEVELOPMENT_TEAM = ESQPZLU835;
				DYLIB_COMPATIBILITY_VERSION = 1;
				DYLIB_CURRENT_VERSION = 1;
				DYLIB_INSTALL_NAME_BASE = "@rpath";
				INFOPLIST_FILE = AAFingerprint/Info.plist;
				INSTALL_PATH = "$(LOCAL_LIBRARY_DIR)/Frameworks";
				IPHONEOS_DEPLOYMENT_TARGET = 8.0;
				LD_RUNPATH_SEARCH_PATHS = "$(inherited) @executable_path/Frameworks @loader_path/Frameworks";
				PRODUCT_BUNDLE_IDENTIFIER = com.aozhimin.AAFingerprint;
				PRODUCT_NAME = "$(TARGET_NAME)";
				SKIP_INSTALL = YES;
			};
			name = Debug;
		};
		15B114EF1F361431005BBAD0 /* Release */ = {
			isa = XCBuildConfiguration;
			baseConfigurationReference = 457C36FD251689BF5A01D73D /* Pods-AAFingerprint.release.xcconfig */;
			buildSettings = {
				CODE_SIGN_IDENTITY = "";
				DEFINES_MODULE = YES;
				DEVELOPMENT_TEAM = ESQPZLU835;
				DYLIB_COMPATIBILITY_VERSION = 1;
				DYLIB_CURRENT_VERSION = 1;
				DYLIB_INSTALL_NAME_BASE = "@rpath";
				INFOPLIST_FILE = AAFingerprint/Info.plist;
				INSTALL_PATH = "$(LOCAL_LIBRARY_DIR)/Frameworks";
				IPHONEOS_DEPLOYMENT_TARGET = 8.0;
				LD_RUNPATH_SEARCH_PATHS = "$(inherited) @executable_path/Frameworks @loader_path/Frameworks";
				PRODUCT_BUNDLE_IDENTIFIER = com.aozhimin.AAFingerprint;
				PRODUCT_NAME = "$(TARGET_NAME)";
				SKIP_INSTALL = YES;
			};
			name = Release;
		};
		15B1150D1F3616CA005BBAD0 /* Debug */ = {
			isa = XCBuildConfiguration;
			baseConfigurationReference = B99D355C2F6B147AED083332 /* Pods-AAFingerprintDemo.debug.xcconfig */;
			buildSettings = {
				ASSETCATALOG_COMPILER_APPICON_NAME = AppIcon;
				DEVELOPMENT_TEAM = ESQPZLU835;
				INFOPLIST_FILE = AAFingerprintDemo/Info.plist;
				IPHONEOS_DEPLOYMENT_TARGET = 8.0;
				LD_RUNPATH_SEARCH_PATHS = "$(inherited) @executable_path/Frameworks";
				PRODUCT_BUNDLE_IDENTIFIER = com.aozhimin.AAFingerprintDemo;
				PRODUCT_NAME = "$(TARGET_NAME)";
			};
			name = Debug;
		};
		15B1150E1F3616CA005BBAD0 /* Release */ = {
			isa = XCBuildConfiguration;
			baseConfigurationReference = 3D5AC0D284588119329BCBF0 /* Pods-AAFingerprintDemo.release.xcconfig */;
			buildSettings = {
				ASSETCATALOG_COMPILER_APPICON_NAME = AppIcon;
				DEVELOPMENT_TEAM = ESQPZLU835;
				INFOPLIST_FILE = AAFingerprintDemo/Info.plist;
				IPHONEOS_DEPLOYMENT_TARGET = 8.0;
				LD_RUNPATH_SEARCH_PATHS = "$(inherited) @executable_path/Frameworks";
				PRODUCT_BUNDLE_IDENTIFIER = com.aozhimin.AAFingerprintDemo;
				PRODUCT_NAME = "$(TARGET_NAME)";
			};
			name = Release;
		};
/* End XCBuildConfiguration section */

/* Begin XCConfigurationList section */
		15B114DF1F361431005BBAD0 /* Build configuration list for PBXProject "AAFingerprint" */ = {
			isa = XCConfigurationList;
			buildConfigurations = (
				15B114EB1F361431005BBAD0 /* Debug */,
				15B114EC1F361431005BBAD0 /* Release */,
			);
			defaultConfigurationIsVisible = 0;
			defaultConfigurationName = Release;
		};
		15B114ED1F361431005BBAD0 /* Build configuration list for PBXNativeTarget "AAFingerprint" */ = {
			isa = XCConfigurationList;
			buildConfigurations = (
				15B114EE1F361431005BBAD0 /* Debug */,
				15B114EF1F361431005BBAD0 /* Release */,
			);
			defaultConfigurationIsVisible = 0;
		};
		15B1150C1F3616CA005BBAD0 /* Build configuration list for PBXNativeTarget "AAFingerprintDemo" */ = {
			isa = XCConfigurationList;
			buildConfigurations = (
				15B1150D1F3616CA005BBAD0 /* Debug */,
				15B1150E1F3616CA005BBAD0 /* Release */,
			);
			defaultConfigurationIsVisible = 0;
		};
/* End XCConfigurationList section */
	};
	rootObject = 15B114DC1F361431005BBAD0 /* Project object */;
}
